
Microsoft Visual Studio Solution File, Format Version 12.00
# Visual Studio Version 16
VisualStudioVersion = 16.0.31515.178
MinimumVisualStudioVersion = 10.0.40219.1
Project("{8BC9CEB8-8B4A-11D0-8D11-00A0C91BC942}") = "lab11part1", "lab11part1\lab11part1.vcxproj", "{FA73F1F5-91E2-4F10-B444-625E4C220029}"
EndProject
Global
	GlobalSection(SolutionConfigurationPlatforms) = preSolution
		Debug|x64 = Debug|x64
		Debug|x86 = Debug|x86
		Release|x64 = Release|x64
		Release|x86 = Release|x86
	EndGlobalSection
	GlobalSection(ProjectConfigurationPlatforms) = postSolution
		{FA73F1F5-91E2-4F10-B444-625E4C220029}.Debug|x64.ActiveCfg = Debug|x64
		{FA73F1F5-91E2-4F10-B444-625E4C220029}.Debug|x64.Build.0 = Debug|x64
		{FA73F1F5-91E2-4F10-B444-625E4C220029}.Debug|x86.ActiveCfg = Debug|Win32
		{FA73F1F5-91E2-4F10-B444-625E4C220029}.Debug|x86.Build.0 = Debug|Win32
		{FA73F1F5-91E2-4F10-B444-625E4C220029}.Release|x64.ActiveCfg = Release|x64
		{FA73F1F5-91E2-4F10-B444-625E4C220029}.Release|x64.Build.0 = Release|x64
		{FA73F1F5-91E2-4F10-B444-625E4C220029}.Release|x86.ActiveCfg = Release|Win32
		{FA73F1F5-91E2-4F10-B444-625E4C220029}.Release|x86.Build.0 = Release|Win32
	EndGlobalSection
	GlobalSection(SolutionProperties) = preSolution
		HideSolutionNode = FALSE
	EndGlobalSection
	GlobalSection(ExtensibilityGlobals) = postSolution
		SolutionGuid = {E4AFBED3-3015-4CFD-9623-A5E7CC344CFA}
	EndGlobalSection
EndGlobal
