
Microsoft Visual Studio Solution File, Format Version 12.00
# Visual Studio Version 16
VisualStudioVersion = 16.0.31515.178
MinimumVisualStudioVersion = 10.0.40219.1
Project("{8BC9CEB8-8B4A-11D0-8D11-00A0C91BC942}") = "lab12part4", "lab12part4\lab12part4.vcxproj", "{55920799-35DC-43DD-A25A-6D4FC3ECEBA4}"
EndProject
Global
	GlobalSection(SolutionConfigurationPlatforms) = preSolution
		Debug|x64 = Debug|x64
		Debug|x86 = Debug|x86
		Release|x64 = Release|x64
		Release|x86 = Release|x86
	EndGlobalSection
	GlobalSection(ProjectConfigurationPlatforms) = postSolution
		{55920799-35DC-43DD-A25A-6D4FC3ECEBA4}.Debug|x64.ActiveCfg = Debug|x64
		{55920799-35DC-43DD-A25A-6D4FC3ECEBA4}.Debug|x64.Build.0 = Debug|x64
		{55920799-35DC-43DD-A25A-6D4FC3ECEBA4}.Debug|x86.ActiveCfg = Debug|Win32
		{55920799-35DC-43DD-A25A-6D4FC3ECEBA4}.Debug|x86.Build.0 = Debug|Win32
		{55920799-35DC-43DD-A25A-6D4FC3ECEBA4}.Release|x64.ActiveCfg = Release|x64
		{55920799-35DC-43DD-A25A-6D4FC3ECEBA4}.Release|x64.Build.0 = Release|x64
		{55920799-35DC-43DD-A25A-6D4FC3ECEBA4}.Release|x86.ActiveCfg = Release|Win32
		{55920799-35DC-43DD-A25A-6D4FC3ECEBA4}.Release|x86.Build.0 = Release|Win32
	EndGlobalSection
	GlobalSection(SolutionProperties) = preSolution
		HideSolutionNode = FALSE
	EndGlobalSection
	GlobalSection(ExtensibilityGlobals) = postSolution
		SolutionGuid = {1B3FC630-A187-4F24-AC45-13DE47A630AB}
	EndGlobalSection
EndGlobal
