
Microsoft Visual Studio Solution File, Format Version 12.00
# Visual Studio Version 16
VisualStudioVersion = 16.0.31515.178
MinimumVisualStudioVersion = 10.0.40219.1
Project("{8BC9CEB8-8B4A-11D0-8D11-00A0C91BC942}") = "lab8part5", "lab8part5\lab8part5.vcxproj", "{C85867C4-A00F-4834-B0C2-0CDFA3D7C306}"
EndProject
Global
	GlobalSection(SolutionConfigurationPlatforms) = preSolution
		Debug|x64 = Debug|x64
		Debug|x86 = Debug|x86
		Release|x64 = Release|x64
		Release|x86 = Release|x86
	EndGlobalSection
	GlobalSection(ProjectConfigurationPlatforms) = postSolution
		{C85867C4-A00F-4834-B0C2-0CDFA3D7C306}.Debug|x64.ActiveCfg = Debug|x64
		{C85867C4-A00F-4834-B0C2-0CDFA3D7C306}.Debug|x64.Build.0 = Debug|x64
		{C85867C4-A00F-4834-B0C2-0CDFA3D7C306}.Debug|x86.ActiveCfg = Debug|Win32
		{C85867C4-A00F-4834-B0C2-0CDFA3D7C306}.Debug|x86.Build.0 = Debug|Win32
		{C85867C4-A00F-4834-B0C2-0CDFA3D7C306}.Release|x64.ActiveCfg = Release|x64
		{C85867C4-A00F-4834-B0C2-0CDFA3D7C306}.Release|x64.Build.0 = Release|x64
		{C85867C4-A00F-4834-B0C2-0CDFA3D7C306}.Release|x86.ActiveCfg = Release|Win32
		{C85867C4-A00F-4834-B0C2-0CDFA3D7C306}.Release|x86.Build.0 = Release|Win32
	EndGlobalSection
	GlobalSection(SolutionProperties) = preSolution
		HideSolutionNode = FALSE
	EndGlobalSection
	GlobalSection(ExtensibilityGlobals) = postSolution
		SolutionGuid = {A19BCDD1-E1A9-4F27-ACE2-6BA52A37425F}
	EndGlobalSection
EndGlobal
